github.com/go-sql-driver/mysql v1.5.0 h1:ozyZYNQW3x3HtqT1jira07DN2PArx2v7/mN66gGcHOs=
github.com/go-sql-driver/mysql v1.5.0/go.mod h1:DCzpHaOWr8IXmIStZouvnhqoel9Qv2LBy8hT2VhHyBg=
github.com/golangee/http v0.0.0-20200513135818-75d24690459f h1:wieqtx2iTmwDCMWCZXgf66zRbIK9+i/mYiBJmdCPdtM=
github.com/golangee/http v0.0.0-20200513135818-75d24690459f/go.mod h1:eNxhxlLvQzhWs7BBVoYBo9um83KB4A4XNZbtJtypEQY=
github.com/golangee/sql v0.0.0-20200513144143-4ddbdfb22669 h1:F4VJVUvgv8ib9dSmbH1n73ehsD/6BOVIa7lwT6k0ZYE=
github.com/golangee/sql v0.0.0-20200513144143-4ddbdfb22669/go.mod h1:m5e5s2kFw6NUd0KWozdMryjWMlWE0pIO8KO50ojZYqU=
github.com/golangee/uuid v0.0.0-20200513144043-882c55e8ee6c h1:GoIDuP9Ww1Zso0VpAJ2KMiQRC0agrO8JhlptAodtbVA=
github.com/golangee/uuid v0.0.0-20200513144043-882c55e8ee6c/go.mod h1:i+BaPFNyXGweWAc/GX3OniM1pz/m1qLja81YgJZOrMQ=
github.com/google/uuid v1.1.1 h1:Gkbcsh/GbpXz7lPftLA3P6TYMwjCLYm83jiFQZF/3gY=
github.com/google/uuid v1.1.1/go.mod h1:TIyPZe4MgqvfeYDBFedMoGGpEw/LqOeaOT+nhxU+yHo=
github.com/julienschmidt/httprouter v1.3.0 h1:U0609e9tgbseu3rBINet9P48AI/D3oJs4dN7jwJOQ1U=
github.com/julienschmidt/httprouter v1.3.0/go.mod h1:JR6WtHb+2LUe8TCKY3cZOxFyyO8IZAc4RVcycCCAKdM=
github.com/lib/pq v1.5.1 h1:Jn6HYxiYrtQ92CopqJLvfPCJUrrruw1+1cn0jM9dKrI=
github.com/lib/pq v1.5.1/go.mod h1:5WUZQaWbwv1U+lTReE5YruASi9Al49XbQIvNi/34Woo=
github.com/worldiety/reflectplus v0.0.0-20200513132612-81a9dedaa2bf h1:zUyKuUdZWNgt0e+1H2MUBMf3z5My4GLjYlxHy/phiY0=
github.com/worldiety/reflectplus v0.0.0-20200513132612-81a9dedaa2bf/go.mod h1:AsuPqRC3qumD/5IMPF9oOl3hzG7WszDGvJ6cFCllhi0=
